
Microsoft Visual Studio Solution File, Format Version 12.00
# Visual Studio Version 17
VisualStudioVersion = 17.13.35818.85
MinimumVisualStudioVersion = 10.0.40219.1
Project("{FAE04EC0-301F-11D3-BF4B-00C04F79EFBC}") = "NetCoreAI.Project01.ApiDemo", "NetCoreAI.Project01.ApiDemo\NetCoreAI.Project01.ApiDemo.csproj", "{EBD75177-6B85-4330-901D-3D379B0CF6A8}"
EndProject
Project("{FAE04EC0-301F-11D3-BF4B-00C04F79EFBC}") = "NetCoreAI.Project02.ApiConsumeUI", "NetCoreAI.Project02.ApiConsumeUI\NetCoreAI.Project02.ApiConsumeUI.csproj", "{718B5D2F-1651-4C02-8C2B-C1ADE410CF21}"
EndProject
Project("{FAE04EC0-301F-11D3-BF4B-00C04F79EFBC}") = "NetCoreIA.Project03.RapidApi", "NetCoreIA.Project03.RapidApi\NetCoreIA.Project03.RapidApi.csproj", "{517F8810-37D6-4C15-B92C-B5D8871CE8CD}"
EndProject
Project("{FAE04EC0-301F-11D3-BF4B-00C04F79EFBC}") = "NetCoreIA.Project04.OpenAIChat", "NetCoreIA.Project04.OpenAIChat\NetCoreIA.Project04.OpenAIChat.csproj", "{6FA702B0-29F9-472B-9D42-67B2D1CBF6D7}"
EndProject
Project("{FAE04EC0-301F-11D3-BF4B-00C04F79EFBC}") = "NetCoreAI.Project05.OpenWhisperAudioTranskript", "NetCoreAI.Project05.OpenWhisperAudioTranskript\NetCoreAI.Project05.OpenWhisperAudioTranskript.csproj", "{C4C7A01E-9520-4E2E-A4ED-411F1B0A50A9}"
EndProject
Global
	GlobalSection(SolutionConfigurationPlatforms) = preSolution
		Debug|Any CPU = Debug|Any CPU
		Release|Any CPU = Release|Any CPU
	EndGlobalSection
	GlobalSection(ProjectConfigurationPlatforms) = postSolution
		{EBD75177-6B85-4330-901D-3D379B0CF6A8}.Debug|Any CPU.ActiveCfg = Debug|Any CPU
		{EBD75177-6B85-4330-901D-3D379B0CF6A8}.Debug|Any CPU.Build.0 = Debug|Any CPU
		{EBD75177-6B85-4330-901D-3D379B0CF6A8}.Release|Any CPU.ActiveCfg = Release|Any CPU
		{EBD75177-6B85-4330-901D-3D379B0CF6A8}.Release|Any CPU.Build.0 = Release|Any CPU
		{718B5D2F-1651-4C02-8C2B-C1ADE410CF21}.Debug|Any CPU.ActiveCfg = Debug|Any CPU
		{718B5D2F-1651-4C02-8C2B-C1ADE410CF21}.Debug|Any CPU.Build.0 = Debug|Any CPU
		{718B5D2F-1651-4C02-8C2B-C1ADE410CF21}.Release|Any CPU.ActiveCfg = Release|Any CPU
		{718B5D2F-1651-4C02-8C2B-C1ADE410CF21}.Release|Any CPU.Build.0 = Release|Any CPU
		{517F8810-37D6-4C15-B92C-B5D8871CE8CD}.Debug|Any CPU.ActiveCfg = Debug|Any CPU
		{517F8810-37D6-4C15-B92C-B5D8871CE8CD}.Debug|Any CPU.Build.0 = Debug|Any CPU
		{517F8810-37D6-4C15-B92C-B5D8871CE8CD}.Release|Any CPU.ActiveCfg = Release|Any CPU
		{517F8810-37D6-4C15-B92C-B5D8871CE8CD}.Release|Any CPU.Build.0 = Release|Any CPU
		{6FA702B0-29F9-472B-9D42-67B2D1CBF6D7}.Debug|Any CPU.ActiveCfg = Debug|Any CPU
		{6FA702B0-29F9-472B-9D42-67B2D1CBF6D7}.Debug|Any CPU.Build.0 = Debug|Any CPU
		{6FA702B0-29F9-472B-9D42-67B2D1CBF6D7}.Release|Any CPU.ActiveCfg = Release|Any CPU
		{6FA702B0-29F9-472B-9D42-67B2D1CBF6D7}.Release|Any CPU.Build.0 = Release|Any CPU
		{C4C7A01E-9520-4E2E-A4ED-411F1B0A50A9}.Debug|Any CPU.ActiveCfg = Debug|Any CPU
		{C4C7A01E-9520-4E2E-A4ED-411F1B0A50A9}.Debug|Any CPU.Build.0 = Debug|Any CPU
		{C4C7A01E-9520-4E2E-A4ED-411F1B0A50A9}.Release|Any CPU.ActiveCfg = Release|Any CPU
		{C4C7A01E-9520-4E2E-A4ED-411F1B0A50A9}.Release|Any CPU.Build.0 = Release|Any CPU
	EndGlobalSection
	GlobalSection(SolutionProperties) = preSolution
		HideSolutionNode = FALSE
	EndGlobalSection
	GlobalSection(ExtensibilityGlobals) = postSolution
		SolutionGuid = {369FF34D-59E3-47F8-A885-34E0EC8F0100}
	EndGlobalSection
EndGlobal
